<Solution>
  <Project Path="Data Layer/Data Layer.csproj" Id="2cc4fb3e-951d-46b0-adad-e4b44f4f154a" />
  <Project Path="Entity Layer/Entity Layer.csproj" Id="e7583efa-59e5-490d-ab01-9a6cd6444ea8" />
  <Project Path="Logic Layer/Logic Layer.csproj" Id="65f1b0c3-5487-470a-af14-111d29f715e7" />
  <Project Path="Presentation Layer/Presentation Layer.csproj" Id="6f46f7a1-bf64-432b-9424-e81138bcd7b3" />
</Solution>
